
Microsoft Visual Studio Solution File, Format Version 12.00
# Visual Studio Version 16
VisualStudioVersion = 16.0.31613.86
MinimumVisualStudioVersion = 10.0.40219.1
Project("{FAE04EC0-301F-11D3-BF4B-00C04F79EFBC}") = "AgenciaBancaria.Dominio", "AgenciaBancaria.Dominio\AgenciaBancaria.Dominio.csproj", "{A24DC107-35E6-42D4-AB9E-B233449DEA51}"
EndProject
Project("{FAE04EC0-301F-11D3-BF4B-00C04F79EFBC}") = "AgenciaBancaria.App", "AgenciaBancaria.App\AgenciaBancaria.App.csproj", "{17A415AF-80EC-4C4C-BED5-91FE926C0D55}"
EndProject
Global
	GlobalSection(SolutionConfigurationPlatforms) = preSolution
		Debug|Any CPU = Debug|Any CPU
		Release|Any CPU = Release|Any CPU
	EndGlobalSection
	GlobalSection(ProjectConfigurationPlatforms) = postSolution
		{A24DC107-35E6-42D4-AB9E-B233449DEA51}.Debug|Any CPU.ActiveCfg = Debug|Any CPU
		{A24DC107-35E6-42D4-AB9E-B233449DEA51}.Debug|Any CPU.Build.0 = Debug|Any CPU
		{A24DC107-35E6-42D4-AB9E-B233449DEA51}.Release|Any CPU.ActiveCfg = Release|Any CPU
		{A24DC107-35E6-42D4-AB9E-B233449DEA51}.Release|Any CPU.Build.0 = Release|Any CPU
		{17A415AF-80EC-4C4C-BED5-91FE926C0D55}.Debug|Any CPU.ActiveCfg = Debug|Any CPU
		{17A415AF-80EC-4C4C-BED5-91FE926C0D55}.Debug|Any CPU.Build.0 = Debug|Any CPU
		{17A415AF-80EC-4C4C-BED5-91FE926C0D55}.Release|Any CPU.ActiveCfg = Release|Any CPU
		{17A415AF-80EC-4C4C-BED5-91FE926C0D55}.Release|Any CPU.Build.0 = Release|Any CPU
	EndGlobalSection
	GlobalSection(SolutionProperties) = preSolution
		HideSolutionNode = FALSE
	EndGlobalSection
	GlobalSection(ExtensibilityGlobals) = postSolution
		SolutionGuid = {923D38F9-0AA4-4EB2-A615-363F6530C94A}
	EndGlobalSection
EndGlobal
